
Microsoft Visual Studio Solution File, Format Version 12.00
# Visual Studio Version 16
VisualStudioVersion = 16.0.31025.194
MinimumVisualStudioVersion = 10.0.40219.1
Project("{FAE04EC0-301F-11D3-BF4B-00C04F79EFBC}") = "InterfaceDemo", "InterfaceDemo\InterfaceDemo.csproj", "{B4E7E047-06E6-435D-85D9-09ADC2017910}"
EndProject
Global
	GlobalSection(SolutionConfigurationPlatforms) = preSolution
		Debug|Any CPU = Debug|Any CPU
		Release|Any CPU = Release|Any CPU
	EndGlobalSection
	GlobalSection(ProjectConfigurationPlatforms) = postSolution
		{B4E7E047-06E6-435D-85D9-09ADC2017910}.Debug|Any CPU.ActiveCfg = Debug|Any CPU
		{B4E7E047-06E6-435D-85D9-09ADC2017910}.Debug|Any CPU.Build.0 = Debug|Any CPU
		{B4E7E047-06E6-435D-85D9-09ADC2017910}.Release|Any CPU.ActiveCfg = Release|Any CPU
		{B4E7E047-06E6-435D-85D9-09ADC2017910}.Release|Any CPU.Build.0 = Release|Any CPU
	EndGlobalSection
	GlobalSection(SolutionProperties) = preSolution
		HideSolutionNode = FALSE
	EndGlobalSection
	GlobalSection(ExtensibilityGlobals) = postSolution
		SolutionGuid = {A9CFF4F8-C4C4-43C9-9809-A582A2913B71}
	EndGlobalSection
EndGlobal
